
Microsoft Visual Studio Solution File, Format Version 12.00
Project("{FAE04EC0-301F-11D3-BF4B-00C04F79EFBC}") = "Undo", "Undo\Undo.csproj", "{932D4C72-3952-4E18-8343-2FE775C0D413}"
EndProject
Global
	GlobalSection(SolutionConfigurationPlatforms) = preSolution
		Debug|Any CPU = Debug|Any CPU
		Release|Any CPU = Release|Any CPU
	EndGlobalSection
	GlobalSection(ProjectConfigurationPlatforms) = postSolution
		{932D4C72-3952-4E18-8343-2FE775C0D413}.Debug|Any CPU.ActiveCfg = Debug|Any CPU
		{932D4C72-3952-4E18-8343-2FE775C0D413}.Debug|Any CPU.Build.0 = Debug|Any CPU
		{932D4C72-3952-4E18-8343-2FE775C0D413}.Release|Any CPU.ActiveCfg = Release|Any CPU
		{932D4C72-3952-4E18-8343-2FE775C0D413}.Release|Any CPU.Build.0 = Release|Any CPU
	EndGlobalSection
EndGlobal
